
Microsoft Visual Studio Solution File, Format Version 12.00
# Visual Studio Version 17
VisualStudioVersion = 17.8.34330.188
MinimumVisualStudioVersion = 10.0.40219.1
Project("{FAE04EC0-301F-11D3-BF4B-00C04F79EFBC}") = "seuilAuto", "seuilAuto\seuilAuto.csproj", "{C8602A9B-3F55-4BEC-8ADB-7FBA92D1061D}"
	ProjectSection(ProjectDependencies) = postProject
		{9D7F0689-81BA-4EC6-9C34-5D5DA884F66A} = {9D7F0689-81BA-4EC6-9C34-5D5DA884F66A}
	EndProjectSection
EndProject
Project("{8BC9CEB8-8B4A-11D0-8D11-00A0C91BC942}") = "libImage", "libImage\libImage.vcxproj", "{9D7F0689-81BA-4EC6-9C34-5D5DA884F66A}"
EndProject
Project("{8BC9CEB8-8B4A-11D0-8D11-00A0C91BC942}") = "testAppCPP", "testAppCPP\testAppCPP.vcxproj", "{535C5FF1-9FAC-4599-98A0-D5329304E233}"
EndProject
Global
	GlobalSection(SolutionConfigurationPlatforms) = preSolution
		Debug|Any CPU = Debug|Any CPU
		Debug|ARM = Debug|ARM
		Debug|ARM64 = Debug|ARM64
		Debug|x64 = Debug|x64
		Debug|x86 = Debug|x86
		Release|Any CPU = Release|Any CPU
		Release|ARM = Release|ARM
		Release|ARM64 = Release|ARM64
		Release|x64 = Release|x64
		Release|x86 = Release|x86
	EndGlobalSection
	GlobalSection(ProjectConfigurationPlatforms) = postSolution
		{C8602A9B-3F55-4BEC-8ADB-7FBA92D1061D}.Debug|Any CPU.ActiveCfg = Debug|Any CPU
		{C8602A9B-3F55-4BEC-8ADB-7FBA92D1061D}.Debug|Any CPU.Build.0 = Debug|Any CPU
		{C8602A9B-3F55-4BEC-8ADB-7FBA92D1061D}.Debug|ARM.ActiveCfg = Debug|Any CPU
		{C8602A9B-3F55-4BEC-8ADB-7FBA92D1061D}.Debug|ARM.Build.0 = Debug|Any CPU
		{C8602A9B-3F55-4BEC-8ADB-7FBA92D1061D}.Debug|ARM64.ActiveCfg = Debug|Any CPU
		{C8602A9B-3F55-4BEC-8ADB-7FBA92D1061D}.Debug|ARM64.Build.0 = Debug|Any CPU
		{C8602A9B-3F55-4BEC-8ADB-7FBA92D1061D}.Debug|x64.ActiveCfg = Debug|Any CPU
		{C8602A9B-3F55-4BEC-8ADB-7FBA92D1061D}.Debug|x64.Build.0 = Debug|Any CPU
		{C8602A9B-3F55-4BEC-8ADB-7FBA92D1061D}.Debug|x86.ActiveCfg = Debug|Any CPU
		{C8602A9B-3F55-4BEC-8ADB-7FBA92D1061D}.Debug|x86.Build.0 = Debug|Any CPU
		{C8602A9B-3F55-4BEC-8ADB-7FBA92D1061D}.Release|Any CPU.ActiveCfg = Release|Any CPU
		{C8602A9B-3F55-4BEC-8ADB-7FBA92D1061D}.Release|Any CPU.Build.0 = Release|Any CPU
		{C8602A9B-3F55-4BEC-8ADB-7FBA92D1061D}.Release|ARM.ActiveCfg = Release|Any CPU
		{C8602A9B-3F55-4BEC-8ADB-7FBA92D1061D}.Release|ARM.Build.0 = Release|Any CPU
		{C8602A9B-3F55-4BEC-8ADB-7FBA92D1061D}.Release|ARM64.ActiveCfg = Release|Any CPU
		{C8602A9B-3F55-4BEC-8ADB-7FBA92D1061D}.Release|ARM64.Build.0 = Release|Any CPU
		{C8602A9B-3F55-4BEC-8ADB-7FBA92D1061D}.Release|x64.ActiveCfg = Release|Any CPU
		{C8602A9B-3F55-4BEC-8ADB-7FBA92D1061D}.Release|x64.Build.0 = Release|Any CPU
		{C8602A9B-3F55-4BEC-8ADB-7FBA92D1061D}.Release|x86.ActiveCfg = Release|Any CPU
		{C8602A9B-3F55-4BEC-8ADB-7FBA92D1061D}.Release|x86.Build.0 = Release|Any CPU
		{9D7F0689-81BA-4EC6-9C34-5D5DA884F66A}.Debug|Any CPU.ActiveCfg = Debug|Win32
		{9D7F0689-81BA-4EC6-9C34-5D5DA884F66A}.Debug|ARM.ActiveCfg = Debug|x64
		{9D7F0689-81BA-4EC6-9C34-5D5DA884F66A}.Debug|ARM.Build.0 = Debug|x64
		{9D7F0689-81BA-4EC6-9C34-5D5DA884F66A}.Debug|ARM64.ActiveCfg = Debug|x64
		{9D7F0689-81BA-4EC6-9C34-5D5DA884F66A}.Debug|ARM64.Build.0 = Debug|x64
		{9D7F0689-81BA-4EC6-9C34-5D5DA884F66A}.Debug|x64.ActiveCfg = Debug|x64
		{9D7F0689-81BA-4EC6-9C34-5D5DA884F66A}.Debug|x64.Build.0 = Debug|x64
		{9D7F0689-81BA-4EC6-9C34-5D5DA884F66A}.Debug|x86.ActiveCfg = Debug|Win32
		{9D7F0689-81BA-4EC6-9C34-5D5DA884F66A}.Debug|x86.Build.0 = Debug|Win32
		{9D7F0689-81BA-4EC6-9C34-5D5DA884F66A}.Release|Any CPU.ActiveCfg = Release|Win32
		{9D7F0689-81BA-4EC6-9C34-5D5DA884F66A}.Release|ARM.ActiveCfg = Release|x64
		{9D7F0689-81BA-4EC6-9C34-5D5DA884F66A}.Release|ARM.Build.0 = Release|x64
		{9D7F0689-81BA-4EC6-9C34-5D5DA884F66A}.Release|ARM64.ActiveCfg = Release|x64
		{9D7F0689-81BA-4EC6-9C34-5D5DA884F66A}.Release|ARM64.Build.0 = Release|x64
		{9D7F0689-81BA-4EC6-9C34-5D5DA884F66A}.Release|x64.ActiveCfg = Release|x64
		{9D7F0689-81BA-4EC6-9C34-5D5DA884F66A}.Release|x64.Build.0 = Release|x64
		{9D7F0689-81BA-4EC6-9C34-5D5DA884F66A}.Release|x86.ActiveCfg = Release|Win32
		{9D7F0689-81BA-4EC6-9C34-5D5DA884F66A}.Release|x86.Build.0 = Release|Win32
		{535C5FF1-9FAC-4599-98A0-D5329304E233}.Debug|Any CPU.ActiveCfg = Debug|x64
		{535C5FF1-9FAC-4599-98A0-D5329304E233}.Debug|Any CPU.Build.0 = Debug|x64
		{535C5FF1-9FAC-4599-98A0-D5329304E233}.Debug|ARM.ActiveCfg = Debug|x64
		{535C5FF1-9FAC-4599-98A0-D5329304E233}.Debug|ARM.Build.0 = Debug|x64
		{535C5FF1-9FAC-4599-98A0-D5329304E233}.Debug|ARM64.ActiveCfg = Debug|x64
		{535C5FF1-9FAC-4599-98A0-D5329304E233}.Debug|ARM64.Build.0 = Debug|x64
		{535C5FF1-9FAC-4599-98A0-D5329304E233}.Debug|x64.ActiveCfg = Debug|x64
		{535C5FF1-9FAC-4599-98A0-D5329304E233}.Debug|x64.Build.0 = Debug|x64
		{535C5FF1-9FAC-4599-98A0-D5329304E233}.Debug|x86.ActiveCfg = Debug|Win32
		{535C5FF1-9FAC-4599-98A0-D5329304E233}.Debug|x86.Build.0 = Debug|Win32
		{535C5FF1-9FAC-4599-98A0-D5329304E233}.Release|Any CPU.ActiveCfg = Release|x64
		{535C5FF1-9FAC-4599-98A0-D5329304E233}.Release|Any CPU.Build.0 = Release|x64
		{535C5FF1-9FAC-4599-98A0-D5329304E233}.Release|ARM.ActiveCfg = Release|x64
		{535C5FF1-9FAC-4599-98A0-D5329304E233}.Release|ARM.Build.0 = Release|x64
		{535C5FF1-9FAC-4599-98A0-D5329304E233}.Release|ARM64.ActiveCfg = Release|x64
		{535C5FF1-9FAC-4599-98A0-D5329304E233}.Release|ARM64.Build.0 = Release|x64
		{535C5FF1-9FAC-4599-98A0-D5329304E233}.Release|x64.ActiveCfg = Release|x64
		{535C5FF1-9FAC-4599-98A0-D5329304E233}.Release|x64.Build.0 = Release|x64
		{535C5FF1-9FAC-4599-98A0-D5329304E233}.Release|x86.ActiveCfg = Release|Win32
		{535C5FF1-9FAC-4599-98A0-D5329304E233}.Release|x86.Build.0 = Release|Win32
	EndGlobalSection
	GlobalSection(SolutionProperties) = preSolution
		HideSolutionNode = FALSE
	EndGlobalSection
	GlobalSection(ExtensibilityGlobals) = postSolution
		SolutionGuid = {74F6E26D-0B7A-461E-ACAF-0856F4984C21}
	EndGlobalSection
EndGlobal
